
Microsoft Visual Studio Solution File, Format Version 12.00
# Visual Studio Version 16
VisualStudioVersion = 16.0.30503.244
MinimumVisualStudioVersion = 10.0.40219.1
Project("{9A19103F-16F7-4668-BE54-9A1E7A4F7556}") = "Minecart", "Minecart\Minecart.csproj", "{F7679E48-0917-4D95-8155-FB869B76DF16}"
EndProject
Global
	GlobalSection(SolutionConfigurationPlatforms) = preSolution
		Debug|Any CPU = Debug|Any CPU
		Release|Any CPU = Release|Any CPU
	EndGlobalSection
	GlobalSection(ProjectConfigurationPlatforms) = postSolution
		{44298C42-44B2-4499-96FE-0DAFF213F06D}.Debug|Any CPU.ActiveCfg = Debug|Any CPU
		{44298C42-44B2-4499-96FE-0DAFF213F06D}.Debug|Any CPU.Build.0 = Debug|Any CPU
		{44298C42-44B2-4499-96FE-0DAFF213F06D}.Release|Any CPU.ActiveCfg = Release|Any CPU
		{44298C42-44B2-4499-96FE-0DAFF213F06D}.Release|Any CPU.Build.0 = Release|Any CPU
		{F7679E48-0917-4D95-8155-FB869B76DF16}.Debug|Any CPU.ActiveCfg = Debug|Any CPU
		{F7679E48-0917-4D95-8155-FB869B76DF16}.Debug|Any CPU.Build.0 = Debug|Any CPU
		{F7679E48-0917-4D95-8155-FB869B76DF16}.Release|Any CPU.ActiveCfg = Release|Any CPU
		{F7679E48-0917-4D95-8155-FB869B76DF16}.Release|Any CPU.Build.0 = Release|Any CPU
	EndGlobalSection
	GlobalSection(SolutionProperties) = preSolution
		HideSolutionNode = FALSE
	EndGlobalSection
	GlobalSection(ExtensibilityGlobals) = postSolution
		SolutionGuid = {3127B233-4A15-40A2-9C4D-329545BE2DA1}
	EndGlobalSection
EndGlobal
